{
  "name": "boilerplate",
  "version": "1.0.0",
  "lockfileVersion": 1,
  "requires": true,
  "dependencies": {
    "@babel/helper-builder-react-jsx": {
      "version": "7.0.0",
      "resolved": "http://proget.cc-corp.int/npm/npm/@babel/helper-builder-react-jsx/-/helper-builder-react-jsx-7.0.0.tgz",
      "integrity": "sha1-+hVMtT65GM8qmnzpKOKetknFrNs=",
      "dev": true,
      "requires": {
        "@babel/types": "7.1.2",
        "esutils": "2.0.2"
      }
    },
    "@babel/helper-plugin-utils": {
      "version": "7.0.0",
      "resolved": "http://proget.cc-corp.int/npm/npm/@babel/helper-plugin-utils/-/helper-plugin-utils-7.0.0.tgz",
      "integrity": "sha1-u7P77phmHFaQNCN8wDlnupm08lA=",
      "dev": true
    },
    "@babel/plugin-syntax-jsx": {
      "version": "7.0.0",
      "resolved": "http://proget.cc-corp.int/npm/npm/@babel/plugin-syntax-jsx/-/plugin-syntax-jsx-7.0.0.tgz",
      "integrity": "sha1-A01eK04UzK6i5ME3r35K+zk3X/0=",
      "dev": true,
      "requires": {
        "@babel/helper-plugin-utils": "7.0.0"
      }
    },
    "@babel/plugin-transform-react-display-name": {
      "version": "7.0.0",
      "resolved": "http://proget.cc-corp.int/npm/npm/@babel/plugin-transform-react-display-name/-/plugin-transform-react-display-name-7.0.0.tgz",
      "integrity": "sha1-k3WebAI3guUsLaO3Xspg1PEFM+4=",
      "dev": true,
      "requires": {
        "@babel/helper-plugin-utils": "7.0.0"
      }
    },
    "@babel/plugin-transform-react-jsx": {
      "version": "7.0.0",
      "resolved": "http://proget.cc-corp.int/npm/npm/@babel/plugin-transform-react-jsx/-/plugin-transform-react-jsx-7.0.0.tgz",
      "integrity": "sha1-UkN55OylNjzRDERGuhY/CT2nXz4=",
      "dev": true,
      "requires": {
        "@babel/helper-builder-react-jsx": "7.0.0",
        "@babel/helper-plugin-utils": "7.0.0",
        "@babel/plugin-syntax-jsx": "7.0.0"
      }
    },
    "@babel/plugin-transform-react-jsx-self": {
      "version": "7.0.0",
      "resolved": "http://proget.cc-corp.int/npm/npm/@babel/plugin-transform-react-jsx-self/-/plugin-transform-react-jsx-self-7.0.0.tgz",
      "integrity": "sha1-qEu3D+owLZFeqB2YCeYoJmuwvBE=",
      "dev": true,
      "requires": {
        "@babel/helper-plugin-utils": "7.0.0",
        "@babel/plugin-syntax-jsx": "7.0.0"
      }
    },
    "@babel/plugin-transform-react-jsx-source": {
      "version": "7.0.0",
      "resolved": "http://proget.cc-corp.int/npm/npm/@babel/plugin-transform-react-jsx-source/-/plugin-transform-react-jsx-source-7.0.0.tgz",
      "integrity": "sha1-KOAFhPlZjA3SefYoDu4hP6ASHDw=",
      "dev": true,
      "requires": {
        "@babel/helper-plugin-utils": "7.0.0",
        "@babel/plugin-syntax-jsx": "7.0.0"
      }
    },
    "@babel/preset-react": {
      "version": "7.0.0",
      "resolved": "http://proget.cc-corp.int/npm/npm/@babel/preset-react/-/preset-react-7.0.0.tgz",
      "integrity": "sha1-6GtLPZlDPHs+npF0fiZTlYvGs8A=",
      "dev": true,
      "requires": {
        "@babel/helper-plugin-utils": "7.0.0",
        "@babel/plugin-transform-react-display-name": "7.0.0",
        "@babel/plugin-transform-react-jsx": "7.0.0",
        "@babel/plugin-transform-react-jsx-self": "7.0.0",
        "@babel/plugin-transform-react-jsx-source": "7.0.0"
      }
    },
    "@babel/types": {
      "version": "7.1.2",
      "resolved": "http://proget.cc-corp.int/npm/npm/@babel/types/-/types-7.1.2.tgz",
      "integrity": "sha1-GD55Us9mkWKK/cLiuQ0DJAusgMA=",
      "dev": true,
      "requires": {
        "esutils": "2.0.2",
        "lodash": "4.17.11",
        "to-fast-properties": "2.0.0"
      }
    },
    "esutils": {
      "version": "2.0.2",
      "resolved": "http://proget.cc-corp.int/npm/npm/esutils/-/esutils-2.0.2.tgz",
      "integrity": "sha1-Cr9PHKpbyx96nYrMbepPqqBLrJs=",
      "dev": true
    },
    "lodash": {
      "version": "4.17.11",
      "resolved": "http://proget.cc-corp.int/npm/npm/lodash/-/lodash-4.17.11.tgz",
      "integrity": "sha1-s56mIp72B+zYniyN8SU2iRysm40=",
      "dev": true
    },
    "to-fast-properties": {
      "version": "2.0.0",
      "resolved": "http://proget.cc-corp.int/npm/npm/to-fast-properties/-/to-fast-properties-2.0.0.tgz",
      "integrity": "sha1-3F5pjL0HkmW8c+A3doGk5Og/YW4=",
      "dev": true
    }
  }
}
